
Microsoft Visual Studio Solution File, Format Version 12.00
# Visual Studio Version 17
VisualStudioVersion = 17.4.33213.308
MinimumVisualStudioVersion = 10.0.40219.1
Project("{FAE04EC0-301F-11D3-BF4B-00C04F79EFBC}") = "ChuckWarsUI", "ChuckWarsUI\ChuckWarsUI.csproj", "{37661CF0-996D-4856-897E-7767F97D054B}"
EndProject
Project("{FAE04EC0-301F-11D3-BF4B-00C04F79EFBC}") = "ChuckWarsUI.Integration.ChuckWarsApi", "ChuckWarsUI.Integration.ChuckWarsApi\ChuckWarsUI.Integration.ChuckWarsApi.csproj", "{7C2E907F-9ED0-46BB-8082-18C928E69894}"
EndProject
Global
	GlobalSection(SolutionConfigurationPlatforms) = preSolution
		Debug|Any CPU = Debug|Any CPU
		Release|Any CPU = Release|Any CPU
	EndGlobalSection
	GlobalSection(ProjectConfigurationPlatforms) = postSolution
		{37661CF0-996D-4856-897E-7767F97D054B}.Debug|Any CPU.ActiveCfg = Debug|Any CPU
		{37661CF0-996D-4856-897E-7767F97D054B}.Debug|Any CPU.Build.0 = Debug|Any CPU
		{37661CF0-996D-4856-897E-7767F97D054B}.Release|Any CPU.ActiveCfg = Release|Any CPU
		{37661CF0-996D-4856-897E-7767F97D054B}.Release|Any CPU.Build.0 = Release|Any CPU
		{7C2E907F-9ED0-46BB-8082-18C928E69894}.Debug|Any CPU.ActiveCfg = Debug|Any CPU
		{7C2E907F-9ED0-46BB-8082-18C928E69894}.Debug|Any CPU.Build.0 = Debug|Any CPU
		{7C2E907F-9ED0-46BB-8082-18C928E69894}.Release|Any CPU.ActiveCfg = Release|Any CPU
		{7C2E907F-9ED0-46BB-8082-18C928E69894}.Release|Any CPU.Build.0 = Release|Any CPU
	EndGlobalSection
	GlobalSection(SolutionProperties) = preSolution
		HideSolutionNode = FALSE
	EndGlobalSection
	GlobalSection(ExtensibilityGlobals) = postSolution
		SolutionGuid = {1604DC59-9F12-4D24-A4DD-586B54CC7D80}
	EndGlobalSection
EndGlobal
